PODS:
  - IQKeyboardManagerSwift (6.5.4)

DEPENDENCIES:
  - IQKeyboardManagerSwift (= 6.5.4)

SPEC REPOS:
  trunk:
    - IQKeyboardManagerSwift

SPEC CHECKSUMS:
  IQKeyboardManagerSwift: 2dde0fc70110e8eac7ccce2a46fdbec6a850b414

PODFILE CHECKSUM: b5f0634184e43b4d0252299d46f5a5624af5cb2d

COCOAPODS: 1.8.4
